
Microsoft Visual Studio Solution File, Format Version 12.00
# Visual Studio Version 17
VisualStudioVersion = 17.12.35514.174
MinimumVisualStudioVersion = 10.0.40219.1
Project("{FAE04EC0-301F-11D3-BF4B-00C04F79EFBC}") = "WebApp", "WebApp\WebApp.csproj", "{81C81184-535B-403D-9187-6E12E130F708}"
EndProject
Project("{FAE04EC0-301F-11D3-BF4B-00C04F79EFBC}") = "Business", "Business\Business.csproj", "{AEF05CF8-7257-4E31-B08A-9323498F9C9F}"
EndProject
Global
	GlobalSection(SolutionConfigurationPlatforms) = preSolution
		Debug|Any CPU = Debug|Any CPU
		Release|Any CPU = Release|Any CPU
	EndGlobalSection
	GlobalSection(ProjectConfigurationPlatforms) = postSolution
		{81C81184-535B-403D-9187-6E12E130F708}.Debug|Any CPU.ActiveCfg = Debug|Any CPU
		{81C81184-535B-403D-9187-6E12E130F708}.Debug|Any CPU.Build.0 = Debug|Any CPU
		{81C81184-535B-403D-9187-6E12E130F708}.Release|Any CPU.ActiveCfg = Release|Any CPU
		{81C81184-535B-403D-9187-6E12E130F708}.Release|Any CPU.Build.0 = Release|Any CPU
		{AEF05CF8-7257-4E31-B08A-9323498F9C9F}.Debug|Any CPU.ActiveCfg = Debug|Any CPU
		{AEF05CF8-7257-4E31-B08A-9323498F9C9F}.Debug|Any CPU.Build.0 = Debug|Any CPU
		{AEF05CF8-7257-4E31-B08A-9323498F9C9F}.Release|Any CPU.ActiveCfg = Release|Any CPU
		{AEF05CF8-7257-4E31-B08A-9323498F9C9F}.Release|Any CPU.Build.0 = Release|Any CPU
	EndGlobalSection
	GlobalSection(SolutionProperties) = preSolution
		HideSolutionNode = FALSE
	EndGlobalSection
EndGlobal
